
Microsoft Visual Studio Solution File, Format Version 12.00
# Visual Studio Version 16
VisualStudioVersion = 16.0.32602.291
MinimumVisualStudioVersion = 10.0.40219.1
Project("{FAE04EC0-301F-11D3-BF4B-00C04F79EFBC}") = "Mvc_Zad", "Mvc_Zad\Mvc_Zad.csproj", "{27926D8C-A06B-4E0C-B4C3-B22E6BE8311E}"
EndProject
Project("{FAE04EC0-301F-11D3-BF4B-00C04F79EFBC}") = "Zad_2", "Zad_2\Zad_2.csproj", "{2024E511-0D88-4B7E-BE0D-2B3B5DB1ADCC}"
EndProject
Global
	GlobalSection(SolutionConfigurationPlatforms) = preSolution
		Debug|Any CPU = Debug|Any CPU
		Release|Any CPU = Release|Any CPU
	EndGlobalSection
	GlobalSection(ProjectConfigurationPlatforms) = postSolution
		{27926D8C-A06B-4E0C-B4C3-B22E6BE8311E}.Debug|Any CPU.ActiveCfg = Debug|Any CPU
		{27926D8C-A06B-4E0C-B4C3-B22E6BE8311E}.Debug|Any CPU.Build.0 = Debug|Any CPU
		{27926D8C-A06B-4E0C-B4C3-B22E6BE8311E}.Release|Any CPU.ActiveCfg = Release|Any CPU
		{27926D8C-A06B-4E0C-B4C3-B22E6BE8311E}.Release|Any CPU.Build.0 = Release|Any CPU
		{2024E511-0D88-4B7E-BE0D-2B3B5DB1ADCC}.Debug|Any CPU.ActiveCfg = Debug|Any CPU
		{2024E511-0D88-4B7E-BE0D-2B3B5DB1ADCC}.Debug|Any CPU.Build.0 = Debug|Any CPU
		{2024E511-0D88-4B7E-BE0D-2B3B5DB1ADCC}.Release|Any CPU.ActiveCfg = Release|Any CPU
		{2024E511-0D88-4B7E-BE0D-2B3B5DB1ADCC}.Release|Any CPU.Build.0 = Release|Any CPU
	EndGlobalSection
	GlobalSection(SolutionProperties) = preSolution
		HideSolutionNode = FALSE
	EndGlobalSection
	GlobalSection(ExtensibilityGlobals) = postSolution
		SolutionGuid = {18667562-3EDE-46AB-8BF8-EB3741DCBEEE}
	EndGlobalSection
EndGlobal
